Microsoft Visual Studio Solution File, Format Version 12.00
# Visual Studio Version 17
VisualStudioVersion = 17.5.2.0
MinimumVisualStudioVersion = 10.0.40219.1
Project("{2150E333-8FDC-42A3-9474-1A3956D46DE8}") = "CsharpProject", "CsharpProject", "{983C9E70-5136-134B-0961-023B97CE5536}"
EndProject
Project("{FAE04EC0-301F-11D3-BF4B-00C04F79EFBC}") = "PettingZooAnimals", "CsharpProject\PettingZooAnimals\PettingZooAnimals.csproj", "{EFC91E30-7D78-1BA5-7AA1-21A4683502BF}"
EndProject
Global
	GlobalSection(SolutionConfigurationPlatforms) = preSolution
		Debug|Any CPU = Debug|Any CPU
		Release|Any CPU = Release|Any CPU
	EndGlobalSection
	GlobalSection(ProjectConfigurationPlatforms) = postSolution
		{EFC91E30-7D78-1BA5-7AA1-21A4683502BF}.Debug|Any CPU.ActiveCfg = Debug|Any CPU
		{EFC91E30-7D78-1BA5-7AA1-21A4683502BF}.Debug|Any CPU.Build.0 = Debug|Any CPU
		{EFC91E30-7D78-1BA5-7AA1-21A4683502BF}.Release|Any CPU.ActiveCfg = Release|Any CPU
		{EFC91E30-7D78-1BA5-7AA1-21A4683502BF}.Release|Any CPU.Build.0 = Release|Any CPU
	EndGlobalSection
	GlobalSection(SolutionProperties) = preSolution
		HideSolutionNode = FALSE
	EndGlobalSection
	GlobalSection(NestedProjects) = preSolution
		{EFC91E30-7D78-1BA5-7AA1-21A4683502BF} = {983C9E70-5136-134B-0961-023B97CE5536}
	EndGlobalSection
	GlobalSection(ExtensibilityGlobals) = postSolution
		SolutionGuid = {DEE8D131-95FB-4EF1-B14E-F2FACA2781FB}
	EndGlobalSection
EndGlobal
